// !$*UTF8*$!
{
	archiveVersion = 1;
	classes = {
	};
	objectVersion = 48;
	objects = {

/* Begin PBXBuildFile section */
		96884B371F8F9BB400069975 /* AppDelegate.swift in Sources */ = {isa = PBXBuildFile; fileRef = 96884B361F8F9BB400069975 /* AppDelegate.swift */; };
		96884B3C1F8F9BB400069975 /* Main.storyboard in Resources */ = {isa = PBXBuildFile; fileRef = 96884B3A1F8F9BB400069975 /* Main.storyboard */; };
		96884B3E1F8F9BB400069975 /* Assets.xcassets in Resources */ = {isa = PBXBuildFile; fileRef = 96884B3D1F8F9BB400069975 /* Assets.xcassets */; };
		96884B411F8F9BB400069975 /* LaunchScreen.storyboard in Resources */ = {isa = PBXBuildFile; fileRef = 96884B3F1F8F9BB400069975 /* LaunchScreen.storyboard */; };
		96884B4C1F8F9BB400069975 /* TodoAppTests.swift in Sources */ = {isa = PBXBuildFile; fileRef = 96884B4B1F8F9BB400069975 /* TodoAppTests.swift */; };
		96884B571F8F9BB400069975 /* TodoAppUITests.swift in Sources */ = {isa = PBXBuildFile; fileRef = 96884B561F8F9BB400069975 /* TodoAppUITests.swift */; };
		96884B671F8FA06100069975 /* TodoListTableTableViewController.swift in Sources */ = {isa = PBXBuildFile; fileRef = 96884B661F8FA06100069975 /* TodoListTableTableViewController.swift */; };
		96884B6C1F8FA80800069975 /* Todo.swift in Sources */ = {isa = PBXBuildFile; fileRef = 96884B6B1F8FA80800069975 /* Todo.swift */; };
		96A9D4771F97467C00BFB60C /* TodoCollection.swift in Sources */ = {isa = PBXBuildFile; fileRef = 96A9D4761F97467C00BFB60C /* TodoCollection.swift */; };
		96A9D4791F9769D100BFB60C /* NewTodoViewController.swift in Sources */ = {isa = PBXBuildFile; fileRef = 96A9D4781F9769D100BFB60C /* NewTodoViewController.swift */; };
/* End PBXBuildFile section */

/* Begin PBXContainerItemProxy section */
		96884B481F8F9BB400069975 /* PBXContainerItemProxy */ = {
			isa = PBXContainerItemProxy;
			containerPortal = 96884B2B1F8F9BB400069975 /* Project object */;
			proxyType = 1;
			remoteGlobalIDString = 96884B321F8F9BB400069975;
			remoteInfo = TodoApp;
		};
		96884B531F8F9BB400069975 /* PBXContainerItemProxy */ = {
			isa = PBXContainerItemProxy;
			containerPortal = 96884B2B1F8F9BB400069975 /* Project object */;
			proxyType = 1;
			remoteGlobalIDString = 96884B321F8F9BB400069975;
			remoteInfo = TodoApp;
		};
/* End PBXContainerItemProxy section */

/* Begin PBXFileReference section */
		96884B331F8F9BB400069975 /* TodoApp.app */ = {isa = PBXFileReference; explicitFileType = wrapper.application; includeInIndex = 0; path = TodoApp.app; sourceTree = BUILT_PRODUCTS_DIR; };
		96884B361F8F9BB400069975 /* AppDelegate.swift */ = {isa = PBXFileReference; lastKnownFileType = sourcecode.swift; path = AppDelegate.swift; sourceTree = "<group>"; };
		96884B3B1F8F9BB400069975 /* Base */ = {isa = PBXFileReference; lastKnownFileType = file.storyboard; name = Base; path = Base.lproj/Main.storyboard; sourceTree = "<group>"; };
		96884B3D1F8F9BB400069975 /* Assets.xcassets */ = {isa = PBXFileReference; lastKnownFileType = folder.assetcatalog; path = Assets.xcassets; sourceTree = "<group>"; };
		96884B401F8F9BB400069975 /* Base */ = {isa = PBXFileReference; lastKnownFileType = file.storyboard; name = Base; path = Base.lproj/LaunchScreen.storyboard; sourceTree = "<group>"; };
		96884B421F8F9BB400069975 /* Info.plist */ = {isa = PBXFileReference; lastKnownFileType = text.plist.xml; path = Info.plist; sourceTree = "<group>"; };
		96884B471F8F9BB400069975 /* TodoAppTests.xctest */ = {isa = PBXFileReference; explicitFileType = wrapper.cfbundle; includeInIndex = 0; path = TodoAppTests.xctest; sourceTree = BUILT_PRODUCTS_DIR; };
		96884B4B1F8F9BB400069975 /* TodoAppTests.swift */ = {isa = PBXFileReference; lastKnownFileType = sourcecode.swift; path = TodoAppTests.swift; sourceTree = "<group>"; };
		96884B4D1F8F9BB400069975 /* Info.plist */ = {isa = PBXFileReference; lastKnownFileType = text.plist.xml; path = Info.plist; sourceTree = "<group>"; };
		96884B521F8F9BB400069975 /* TodoAppUITests.xctest */ = {isa = PBXFileReference; explicitFileType = wrapper.cfbundle; includeInIndex = 0; path = TodoAppUITests.xctest; sourceTree = BUILT_PRODUCTS_DIR; };
		96884B561F8F9BB400069975 /* TodoAppUITests.swift */ = {isa = PBXFileReference; lastKnownFileType = sourcecode.swift; path = TodoAppUITests.swift; sourceTree = "<group>"; };
		96884B581F8F9BB400069975 /* Info.plist */ = {isa = PBXFileReference; lastKnownFileType = text.plist.xml; path = Info.plist; sourceTree = "<group>"; };
		96884B661F8FA06100069975 /* TodoListTableTableViewController.swift */ = {isa = PBXFileReference; lastKnownFileType = sourcecode.swift; path = TodoListTableTableViewController.swift; sourceTree = "<group>"; };
		96884B6B1F8FA80800069975 /* Todo.swift */ = {isa = PBXFileReference; lastKnownFileType = sourcecode.swift; path = Todo.swift; sourceTree = "<group>"; };
		96A9D4761F97467C00BFB60C /* TodoCollection.swift */ = {isa = PBXFileReference; lastKnownFileType = sourcecode.swift; path = TodoCollection.swift; sourceTree = "<group>"; };
		96A9D4781F9769D100BFB60C /* NewTodoViewController.swift */ = {isa = PBXFileReference; lastKnownFileType = sourcecode.swift; path = NewTodoViewController.swift; sourceTree = "<group>"; };
/* End PBXFileReference section */

/* Begin PBXFrameworksBuildPhase section */
		96884B301F8F9BB400069975 /* Frameworks */ = {
			isa = PBXFrameworksBuildPhase;
			buildActionMask = 2147483647;
			files = (
			);
			runOnlyForDeploymentPostprocessing = 0;
		};
		96884B441F8F9BB400069975 /* Frameworks */ = {
			isa = PBXFrameworksBuildPhase;
			buildActionMask = 2147483647;
			files = (
			);
			runOnlyForDeploymentPostprocessing = 0;
		};
		96884B4F1F8F9BB400069975 /* Frameworks */ = {
			isa = PBXFrameworksBuildPhase;
			buildActionMask = 2147483647;
			files = (
			);
			runOnlyForDeploymentPostprocessing = 0;
		};
/* End PBXFrameworksBuildPhase section */

/* Begin PBXGroup section */
		96884B2A1F8F9BB300069975 = {
			isa = PBXGroup;
			children = (
				96884B351F8F9BB400069975 /* TodoApp */,
				96884B4A1F8F9BB400069975 /* TodoAppTests */,
				96884B551F8F9BB400069975 /* TodoAppUITests */,
				96884B341F8F9BB400069975 /* Products */,
			);
			sourceTree = "<group>";
		};
		96884B341F8F9BB400069975 /* Products */ = {
			isa = PBXGroup;
			children = (
				96884B331F8F9BB400069975 /* TodoApp.app */,
				96884B471F8F9BB400069975 /* TodoAppTests.xctest */,
				96884B521F8F9BB400069975 /* TodoAppUITests.xctest */,
			);
			name = Products;
			sourceTree = "<group>";
		};
		96884B351F8F9BB400069975 /* TodoApp */ = {
			isa = PBXGroup;
			children = (
				96884B681F8FA6FE00069975 /* Model */,
				96884B691F8FA70300069975 /* View */,
				96884B6A1F8FA70900069975 /* Controller */,
				96884B361F8F9BB400069975 /* AppDelegate.swift */,
				96884B3A1F8F9BB400069975 /* Main.storyboard */,
				96884B3D1F8F9BB400069975 /* Assets.xcassets */,
				96884B3F1F8F9BB400069975 /* LaunchScreen.storyboard */,
				96884B421F8F9BB400069975 /* Info.plist */,
			);
			path = TodoApp;
			sourceTree = "<group>";
		};
		96884B4A1F8F9BB400069975 /* TodoAppTests */ = {
			isa = PBXGroup;
			children = (
				96884B4B1F8F9BB400069975 /* TodoAppTests.swift */,
				96884B4D1F8F9BB400069975 /* Info.plist */,
			);
			path = TodoAppTests;
			sourceTree = "<group>";
		};
		96884B551F8F9BB400069975 /* TodoAppUITests */ = {
			isa = PBXGroup;
			children = (
				96884B561F8F9BB400069975 /* TodoAppUITests.swift */,
				96884B581F8F9BB400069975 /* Info.plist */,
			);
			path = TodoAppUITests;
			sourceTree = "<group>";
		};
		96884B681F8FA6FE00069975 /* Model */ = {
			isa = PBXGroup;
			children = (
				96884B6B1F8FA80800069975 /* Todo.swift */,
				96A9D4761F97467C00BFB60C /* TodoCollection.swift */,
			);
			path = Model;
			sourceTree = "<group>";
		};
		96884B691F8FA70300069975 /* View */ = {
			isa = PBXGroup;
			children = (
			);
			path = View;
			sourceTree = "<group>";
		};
		96884B6A1F8FA70900069975 /* Controller */ = {
			isa = PBXGroup;
			children = (
				96884B661F8FA06100069975 /* TodoListTableTableViewController.swift */,
				96A9D4781F9769D100BFB60C /* NewTodoViewController.swift */,
			);
			path = Controller;
			sourceTree = "<group>";
		};
/* End PBXGroup section */

/* Begin PBXNativeTarget section */
		96884B321F8F9BB400069975 /* TodoApp */ = {
			isa = PBXNativeTarget;
			buildConfigurationList = 96884B5B1F8F9BB400069975 /* Build configuration list for PBXNativeTarget "TodoApp" */;
			buildPhases = (
				96884B2F1F8F9BB400069975 /* Sources */,
				96884B301F8F9BB400069975 /* Frameworks */,
				96884B311F8F9BB400069975 /* Resources */,
			);
			buildRules = (
			);
			dependencies = (
			);
			name = TodoApp;
			productName = TodoApp;
			productReference = 96884B331F8F9BB400069975 /* TodoApp.app */;
			productType = "com.apple.product-type.application";
		};
		96884B461F8F9BB400069975 /* TodoAppTests */ = {
			isa = PBXNativeTarget;
			buildConfigurationList = 96884B5E1F8F9BB400069975 /* Build configuration list for PBXNativeTarget "TodoAppTests" */;
			buildPhases = (
				96884B431F8F9BB400069975 /* Sources */,
				96884B441F8F9BB400069975 /* Frameworks */,
				96884B451F8F9BB400069975 /* Resources */,
			);
			buildRules = (
			);
			dependencies = (
				96884B491F8F9BB400069975 /* PBXTargetDependency */,
			);
			name = TodoAppTests;
			productName = TodoAppTests;
			productReference = 96884B471F8F9BB400069975 /* TodoAppTests.xctest */;
			productType = "com.apple.product-type.bundle.unit-test";
		};
		96884B511F8F9BB400069975 /* TodoAppUITests */ = {
			isa = PBXNativeTarget;
			buildConfigurationList = 96884B611F8F9BB400069975 /* Build configuration list for PBXNativeTarget "TodoAppUITests" */;
			buildPhases = (
				96884B4E1F8F9BB400069975 /* Sources */,
				96884B4F1F8F9BB400069975 /* Frameworks */,
				96884B501F8F9BB400069975 /* Resources */,
			);
			buildRules = (
			);
			dependencies = (
				96884B541F8F9BB400069975 /* PBXTargetDependency */,
			);
			name = TodoAppUITests;
			productName = TodoAppUITests;
			productReference = 96884B521F8F9BB400069975 /* TodoAppUITests.xctest */;
			productType = "com.apple.product-type.bundle.ui-testing";
		};
/* End PBXNativeTarget section */

/* Begin PBXProject section */
		96884B2B1F8F9BB400069975 /* Project object */ = {
			isa = PBXProject;
			attributes = {
				LastSwiftUpdateCheck = 0900;
				LastUpgradeCheck = 0900;
				ORGANIZATIONNAME = "kenichi ebinuma";
				TargetAttributes = {
					96884B321F8F9BB400069975 = {
						CreatedOnToolsVersion = 9.0;
						ProvisioningStyle = Automatic;
					};
					96884B461F8F9BB400069975 = {
						CreatedOnToolsVersion = 9.0;
						ProvisioningStyle = Automatic;
						TestTargetID = 96884B321F8F9BB400069975;
					};
					96884B511F8F9BB400069975 = {
						CreatedOnToolsVersion = 9.0;
						ProvisioningStyle = Automatic;
						TestTargetID = 96884B321F8F9BB400069975;
					};
				};
			};
			buildConfigurationList = 96884B2E1F8F9BB400069975 /* Build configuration list for PBXProject "TodoApp" */;
			compatibilityVersion = "Xcode 8.0";
			developmentRegion = en;
			hasScannedForEncodings = 0;
			knownRegions = (
				en,
				Base,
			);
			mainGroup = 96884B2A1F8F9BB300069975;
			productRefGroup = 96884B341F8F9BB400069975 /* Products */;
			projectDirPath = "";
			projectRoot = "";
			targets = (
				96884B321F8F9BB400069975 /* TodoApp */,
				96884B461F8F9BB400069975 /* TodoAppTests */,
				96884B511F8F9BB400069975 /* TodoAppUITests */,
			);
		};
/* End PBXProject section */

/* Begin PBXResourcesBuildPhase section */
		96884B311F8F9BB400069975 /* Resources */ = {
			isa = PBXResourcesBuildPhase;
			buildActionMask = 2147483647;
			files = (
				96884B411F8F9BB400069975 /* LaunchScreen.storyboard in Resources */,
				96884B3E1F8F9BB400069975 /* Assets.xcassets in Resources */,
				96884B3C1F8F9BB400069975 /* Main.storyboard in Resources */,
			);
			runOnlyForDeploymentPostprocessing = 0;
		};
		96884B451F8F9BB400069975 /* Resources */ = {
			isa = PBXResourcesBuildPhase;
			buildActionMask = 2147483647;
			files = (
			);
			runOnlyForDeploymentPostprocessing = 0;
		};
		96884B501F8F9BB400069975 /* Resources */ = {
			isa = PBXResourcesBuildPhase;
			buildActionMask = 2147483647;
			files = (
			);
			runOnlyForDeploymentPostprocessing = 0;
		};
/* End PBXResourcesBuildPhase section */

/* Begin PBXSourcesBuildPhase section */
		96884B2F1F8F9BB400069975 /* Sources */ = {
			isa = PBXSourcesBuildPhase;
			buildActionMask = 2147483647;
			files = (
				96884B671F8FA06100069975 /* TodoListTableTableViewController.swift in Sources */,
				96A9D4771F97467C00BFB60C /* TodoCollection.swift in Sources */,
				96884B6C1F8FA80800069975 /* Todo.swift in Sources */,
				96A9D4791F9769D100BFB60C /* NewTodoViewController.swift in Sources */,
				96884B371F8F9BB400069975 /* AppDelegate.swift in Sources */,
			);
			runOnlyForDeploymentPostprocessing = 0;
		};
		96884B431F8F9BB400069975 /* Sources */ = {
			isa = PBXSourcesBuildPhase;
			buildActionMask = 2147483647;
			files = (
				96884B4C1F8F9BB400069975 /* TodoAppTests.swift in Sources */,
			);
			runOnlyForDeploymentPostprocessing = 0;
		};
		96884B4E1F8F9BB400069975 /* Sources */ = {
			isa = PBXSourcesBuildPhase;
			buildActionMask = 2147483647;
			files = (
				96884B571F8F9BB400069975 /* TodoAppUITests.swift in Sources */,
			);
			runOnlyForDeploymentPostprocessing = 0;
		};
/* End PBXSourcesBuildPhase section */

/* Begin PBXTargetDependency section */
		96884B491F8F9BB400069975 /* PBXTargetDependency */ = {
			isa = PBXTargetDependency;
			target = 96884B321F8F9BB400069975 /* TodoApp */;
			targetProxy = 96884B481F8F9BB400069975 /* PBXContainerItemProxy */;
		};
		96884B541F8F9BB400069975 /* PBXTargetDependency */ = {
			isa = PBXTargetDependency;
			target = 96884B321F8F9BB400069975 /* TodoApp */;
			targetProxy = 96884B531F8F9BB400069975 /* PBXContainerItemProxy */;
		};
/* End PBXTargetDependency section */

/* Begin PBXVariantGroup section */
		96884B3A1F8F9BB400069975 /* Main.storyboard */ = {
			isa = PBXVariantGroup;
			children = (
				96884B3B1F8F9BB400069975 /* Base */,
			);
			name = Main.storyboard;
			sourceTree = "<group>";
		};
		96884B3F1F8F9BB400069975 /* LaunchScreen.storyboard */ = {
			isa = PBXVariantGroup;
			children = (
				96884B401F8F9BB400069975 /* Base */,
			);
			name = LaunchScreen.storyboard;
			sourceTree = "<group>";
		};
/* End PBXVariantGroup section */

/* Begin XCBuildConfiguration section */
		96884B591F8F9BB400069975 /* Debug */ = {
			isa = XCBuildConfiguration;
			buildSettings = {
				ALWAYS_SEARCH_USER_PATHS = NO;
				CLANG_ANALYZER_NONNULL = YES;
				CLANG_ANALYZER_NUMBER_OBJECT_CONVERSION = YES_AGGRESSIVE;
				CLANG_CXX_LANGUAGE_STANDARD = "gnu++14";
				CLANG_CXX_LIBRARY = "libc++";
				CLANG_ENABLE_MODULES = YES;
				CLANG_ENABLE_OBJC_ARC = YES;
				CLANG_WARN_BLOCK_CAPTURE_AUTORELEASING = YES;
				CLANG_WARN_BOOL_CONVERSION = YES;
				CLANG_WARN_COMMA = YES;
				CLANG_WARN_CONSTANT_CONVERSION = YES;
				CLANG_WARN_DIRECT_OBJC_ISA_USAGE = YES_ERROR;
				CLANG_WARN_DOCUMENTATION_COMMENTS = YES;
				CLANG_WARN_EMPTY_BODY = YES;
				CLANG_WARN_ENUM_CONVERSION = YES;
				CLANG_WARN_INFINITE_RECURSION = YES;
				CLANG_WARN_INT_CONVERSION = YES;
				CLANG_WARN_NON_LITERAL_NULL_CONVERSION = YES;
				CLANG_WARN_OBJC_LITERAL_CONVERSION = YES;
				CLANG_WARN_OBJC_ROOT_CLASS = YES_ERROR;
				CLANG_WARN_RANGE_LOOP_ANALYSIS = YES;
				CLANG_WARN_STRICT_PROTOTYPES = YES;
				CLANG_WARN_SUSPICIOUS_MOVE = YES;
				CLANG_WARN_UNGUARDED_AVAILABILITY = YES_AGGRESSIVE;
				CLANG_WARN_UNREACHABLE_CODE = YES;
				CLANG_WARN__DUPLICATE_METHOD_MATCH = YES;
				CODE_SIGN_IDENTITY = "iPhone Developer";
				COPY_PHASE_STRIP = NO;
				DEBUG_INFORMATION_FORMAT = dwarf;
				ENABLE_STRICT_OBJC_MSGSEND = YES;
				ENABLE_TESTABILITY = YES;
				GCC_C_LANGUAGE_STANDARD = gnu11;
				GCC_DYNAMIC_NO_PIC = NO;
				GCC_NO_COMMON_BLOCKS = YES;
				GCC_OPTIMIZATION_LEVEL = 0;
				GCC_PREPROCESSOR_DEFINITIONS = (
					"DEBUG=1",
					"$(inherited)",
				);
				GCC_WARN_64_TO_32_BIT_CONVERSION = YES;
				GCC_WARN_ABOUT_RETURN_TYPE = YES_ERROR;
				GCC_WARN_UNDECLARED_SELECTOR = YES;
				GCC_WARN_UNINITIALIZED_AUTOS = YES_AGGRESSIVE;
				GCC_WARN_UNUSED_FUNCTION = YES;
				GCC_WARN_UNUSED_VARIABLE = YES;
				IPHONEOS_DEPLOYMENT_TARGET = 11.0;
				MTL_ENABLE_DEBUG_INFO = YES;
				ONLY_ACTIVE_ARCH = YES;
				SDKROOT = iphoneos;
				SWIFT_ACTIVE_COMPILATION_CONDITIONS = DEBUG;
				SWIFT_OPTIMIZATION_LEVEL = "-Onone";
			};
			name = Debug;
		};
		96884B5A1F8F9BB400069975 /* Release */ = {
			isa = XCBuildConfiguration;
			buildSettings = {
				ALWAYS_SEARCH_USER_PATHS = NO;
				CLANG_ANALYZER_NONNULL = YES;
				CLANG_ANALYZER_NUMBER_OBJECT_CONVERSION = YES_AGGRESSIVE;
				CLANG_CXX_LANGUAGE_STANDARD = "gnu++14";
				CLANG_CXX_LIBRARY = "libc++";
				CLANG_ENABLE_MODULES = YES;
				CLANG_ENABLE_OBJC_ARC = YES;
				CLANG_WARN_BLOCK_CAPTURE_AUTORELEASING = YES;
				CLANG_WARN_BOOL_CONVERSION = YES;
				CLANG_WARN_COMMA = YES;
				CLANG_WARN_CONSTANT_CONVERSION = YES;
				CLANG_WARN_DIRECT_OBJC_ISA_USAGE = YES_ERROR;
				CLANG_WARN_DOCUMENTATION_COMMENTS = YES;
				CLANG_WARN_EMPTY_BODY = YES;
				CLANG_WARN_ENUM_CONVERSION = YES;
				CLANG_WARN_INFINITE_RECURSION = YES;
				CLANG_WARN_INT_CONVERSION = YES;
				CLANG_WARN_NON_LITERAL_NULL_CONVERSION = YES;
				CLANG_WARN_OBJC_LITERAL_CONVERSION = YES;
				CLANG_WARN_OBJC_ROOT_CLASS = YES_ERROR;
				CLANG_WARN_RANGE_LOOP_ANALYSIS = YES;
				CLANG_WARN_STRICT_PROTOTYPES = YES;
				CLANG_WARN_SUSPICIOUS_MOVE = YES;
				CLANG_WARN_UNGUARDED_AVAILABILITY = YES_AGGRESSIVE;
				CLANG_WARN_UNREACHABLE_CODE = YES;
				CLANG_WARN__DUPLICATE_METHOD_MATCH = YES;
				CODE_SIGN_IDENTITY = "iPhone Developer";
				COPY_PHASE_STRIP = NO;
				DEBUG_INFORMATION_FORMAT = "dwarf-with-dsym";
				ENABLE_NS_ASSERTIONS = NO;
				ENABLE_STRICT_OBJC_MSGSEND = YES;
				GCC_C_LANGUAGE_STANDARD = gnu11;
				GCC_NO_COMMON_BLOCKS = YES;
				GCC_WARN_64_TO_32_BIT_CONVERSION = YES;
				GCC_WARN_ABOUT_RETURN_TYPE = YES_ERROR;
				GCC_WARN_UNDECLARED_SELECTOR = YES;
				GCC_WARN_UNINITIALIZED_AUTOS = YES_AGGRESSIVE;
				GCC_WARN_UNUSED_FUNCTION = YES;
				GCC_WARN_UNUSED_VARIABLE = YES;
				IPHONEOS_DEPLOYMENT_TARGET = 11.0;
				MTL_ENABLE_DEBUG_INFO = NO;
				SDKROOT = iphoneos;
				SWIFT_OPTIMIZATION_LEVEL = "-Owholemodule";
				VALIDATE_PRODUCT = YES;
			};
			name = Release;
		};
		96884B5C1F8F9BB400069975 /* Debug */ = {
			isa = XCBuildConfiguration;
			buildSettings = {
				ASSETCATALOG_COMPILER_APPICON_NAME = AppIcon;
				CODE_SIGN_STYLE = Automatic;
				DEVELOPMENT_TEAM = WWXD67EU53;
				INFOPLIST_FILE = TodoApp/Info.plist;
				LD_RUNPATH_SEARCH_PATHS = "$(inherited) @executable_path/Frameworks";
				PRODUCT_BUNDLE_IDENTIFIER = com.ebiken.TodoApp;
				PRODUCT_NAME = "$(TARGET_NAME)";
				SWIFT_VERSION = 4.0;
				TARGETED_DEVICE_FAMILY = "1,2";
			};
			name = Debug;
		};
		96884B5D1F8F9BB400069975 /* Release */ = {
			isa = XCBuildConfiguration;
			buildSettings = {
				ASSETCATALOG_COMPILER_APPICON_NAME = AppIcon;
				CODE_SIGN_STYLE = Automatic;
				DEVELOPMENT_TEAM = WWXD67EU53;
				INFOPLIST_FILE = TodoApp/Info.plist;
				LD_RUNPATH_SEARCH_PATHS = "$(inherited) @executable_path/Frameworks";
				PRODUCT_BUNDLE_IDENTIFIER = com.ebiken.TodoApp;
				PRODUCT_NAME = "$(TARGET_NAME)";
				SWIFT_VERSION = 4.0;
				TARGETED_DEVICE_FAMILY = "1,2";
			};
			name = Release;
		};
		96884B5F1F8F9BB400069975 /* Debug */ = {
			isa = XCBuildConfiguration;
			buildSettings = {
				ALWAYS_EMBED_SWIFT_STANDARD_LIBRARIES = YES;
				BUNDLE_LOADER = "$(TEST_HOST)";
				CODE_SIGN_STYLE = Automatic;
				DEVELOPMENT_TEAM = WWXD67EU53;
				INFOPLIST_FILE = TodoAppTests/Info.plist;
				LD_RUNPATH_SEARCH_PATHS = "$(inherited) @executable_path/Frameworks @loader_path/Frameworks";
				PRODUCT_BUNDLE_IDENTIFIER = com.ebiken.TodoAppTests;
				PRODUCT_NAME = "$(TARGET_NAME)";
				SWIFT_VERSION = 4.0;
				TARGETED_DEVICE_FAMILY = "1,2";
				TEST_HOST = "$(BUILT_PRODUCTS_DIR)/TodoApp.app/TodoApp";
			};
			name = Debug;
		};
		96884B601F8F9BB400069975 /* Release */ = {
			isa = XCBuildConfiguration;
			buildSettings = {
				ALWAYS_EMBED_SWIFT_STANDARD_LIBRARIES = YES;
				BUNDLE_LOADER = "$(TEST_HOST)";
				CODE_SIGN_STYLE = Automatic;
				DEVELOPMENT_TEAM = WWXD67EU53;
				INFOPLIST_FILE = TodoAppTests/Info.plist;
				LD_RUNPATH_SEARCH_PATHS = "$(inherited) @executable_path/Frameworks @loader_path/Frameworks";
				PRODUCT_BUNDLE_IDENTIFIER = com.ebiken.TodoAppTests;
				PRODUCT_NAME = "$(TARGET_NAME)";
				SWIFT_VERSION = 4.0;
				TARGETED_DEVICE_FAMILY = "1,2";
				TEST_HOST = "$(BUILT_PRODUCTS_DIR)/TodoApp.app/TodoApp";
			};
			name = Release;
		};
		96884B621F8F9BB400069975 /* Debug */ = {
			isa = XCBuildConfiguration;
			buildSettings = {
				ALWAYS_EMBED_SWIFT_STANDARD_LIBRARIES = YES;
				CODE_SIGN_STYLE = Automatic;
				DEVELOPMENT_TEAM = WWXD67EU53;
				INFOPLIST_FILE = TodoAppUITests/Info.plist;
				LD_RUNPATH_SEARCH_PATHS = "$(inherited) @executable_path/Frameworks @loader_path/Frameworks";
				PRODUCT_BUNDLE_IDENTIFIER = com.ebiken.TodoAppUITests;
				PRODUCT_NAME = "$(TARGET_NAME)";
				SWIFT_VERSION = 4.0;
				TARGETED_DEVICE_FAMILY = "1,2";
				TEST_TARGET_NAME = TodoApp;
			};
			name = Debug;
		};
		96884B631F8F9BB400069975 /* Release */ = {
			isa = XCBuildConfiguration;
			buildSettings = {
				ALWAYS_EMBED_SWIFT_STANDARD_LIBRARIES = YES;
				CODE_SIGN_STYLE = Automatic;
				DEVELOPMENT_TEAM = WWXD67EU53;
				INFOPLIST_FILE = TodoAppUITests/Info.plist;
				LD_RUNPATH_SEARCH_PATHS = "$(inherited) @executable_path/Frameworks @loader_path/Frameworks";
				PRODUCT_BUNDLE_IDENTIFIER = com.ebiken.TodoAppUITests;
				PRODUCT_NAME = "$(TARGET_NAME)";
				SWIFT_VERSION = 4.0;
				TARGETED_DEVICE_FAMILY = "1,2";
				TEST_TARGET_NAME = TodoApp;
			};
			name = Release;
		};
/* End XCBuildConfiguration section */

/* Begin XCConfigurationList section */
		96884B2E1F8F9BB400069975 /* Build configuration list for PBXProject "TodoApp" */ = {
			isa = XCConfigurationList;
			buildConfigurations = (
				96884B591F8F9BB400069975 /* Debug */,
				96884B5A1F8F9BB400069975 /* Release */,
			);
			defaultConfigurationIsVisible = 0;
			defaultConfigurationName = Release;
		};
		96884B5B1F8F9BB400069975 /* Build configuration list for PBXNativeTarget "TodoApp" */ = {
			isa = XCConfigurationList;
			buildConfigurations = (
				96884B5C1F8F9BB400069975 /* Debug */,
				96884B5D1F8F9BB400069975 /* Release */,
			);
			defaultConfigurationIsVisible = 0;
			defaultConfigurationName = Release;
		};
		96884B5E1F8F9BB400069975 /* Build configuration list for PBXNativeTarget "TodoAppTests" */ = {
			isa = XCConfigurationList;
			buildConfigurations = (
				96884B5F1F8F9BB400069975 /* Debug */,
				96884B601F8F9BB400069975 /* Release */,
			);
			defaultConfigurationIsVisible = 0;
			defaultConfigurationName = Release;
		};
		96884B611F8F9BB400069975 /* Build configuration list for PBXNativeTarget "TodoAppUITests" */ = {
			isa = XCConfigurationList;
			buildConfigurations = (
				96884B621F8F9BB400069975 /* Debug */,
				96884B631F8F9BB400069975 /* Release */,
			);
			defaultConfigurationIsVisible = 0;
			defaultConfigurationName = Release;
		};
/* End XCConfigurationList section */
	};
	rootObject = 96884B2B1F8F9BB400069975 /* Project object */;
}
